
Microsoft Visual Studio Solution File, Format Version 12.00
Project("{FAE04EC0-301F-11D3-BF4B-00C04F79EFBC}") = "HttpCl", "HttpCl\HttpCl.csproj", "{F074C8B5-93B1-4F89-B37E-2745A71D2921}"
EndProject
Global
	GlobalSection(SolutionConfigurationPlatforms) = preSolution
		Debug|Any CPU = Debug|Any CPU
		Release|Any CPU = Release|Any CPU
	EndGlobalSection
	GlobalSection(ProjectConfigurationPlatforms) = postSolution
		{F074C8B5-93B1-4F89-B37E-2745A71D2921}.Debug|Any CPU.ActiveCfg = Debug|Any CPU
		{F074C8B5-93B1-4F89-B37E-2745A71D2921}.Debug|Any CPU.Build.0 = Debug|Any CPU
		{F074C8B5-93B1-4F89-B37E-2745A71D2921}.Release|Any CPU.ActiveCfg = Release|Any CPU
		{F074C8B5-93B1-4F89-B37E-2745A71D2921}.Release|Any CPU.Build.0 = Release|Any CPU
	EndGlobalSection
EndGlobal
